
Microsoft Visual Studio Solution File, Format Version 12.00
# Visual Studio Version 16
VisualStudioVersion = 16.0.29728.190
MinimumVisualStudioVersion = 10.0.40219.1
Project("{FAE04EC0-301F-11D3-BF4B-00C04F79EFBC}") = "NetBlogMVC", "NetBlog\NetBlogMVC.csproj", "{12B37C7A-D703-48CC-8B66-D3C573B67138}"
EndProject
Project("{FAE04EC0-301F-11D3-BF4B-00C04F79EFBC}") = "NetBlogAPI", "NetBlogAPI\NetBlogAPI.csproj", "{AB859681-471F-46B5-A279-E2D4600C27B2}"
EndProject
Global
	GlobalSection(SolutionConfigurationPlatforms) = preSolution
		Debug|Any CPU = Debug|Any CPU
		Release|Any CPU = Release|Any CPU
	EndGlobalSection
	GlobalSection(ProjectConfigurationPlatforms) = postSolution
		{12B37C7A-D703-48CC-8B66-D3C573B67138}.Debug|Any CPU.ActiveCfg = Debug|Any CPU
		{12B37C7A-D703-48CC-8B66-D3C573B67138}.Debug|Any CPU.Build.0 = Debug|Any CPU
		{12B37C7A-D703-48CC-8B66-D3C573B67138}.Release|Any CPU.ActiveCfg = Release|Any CPU
		{12B37C7A-D703-48CC-8B66-D3C573B67138}.Release|Any CPU.Build.0 = Release|Any CPU
		{AB859681-471F-46B5-A279-E2D4600C27B2}.Debug|Any CPU.ActiveCfg = Debug|Any CPU
		{AB859681-471F-46B5-A279-E2D4600C27B2}.Debug|Any CPU.Build.0 = Debug|Any CPU
		{AB859681-471F-46B5-A279-E2D4600C27B2}.Release|Any CPU.ActiveCfg = Release|Any CPU
		{AB859681-471F-46B5-A279-E2D4600C27B2}.Release|Any CPU.Build.0 = Release|Any CPU
	EndGlobalSection
	GlobalSection(SolutionProperties) = preSolution
		HideSolutionNode = FALSE
	EndGlobalSection
	GlobalSection(ExtensibilityGlobals) = postSolution
		SolutionGuid = {A31FE29F-59A1-4104-8944-8592EF36D082}
	EndGlobalSection
EndGlobal
